
Microsoft Visual Studio Solution File, Format Version 12.00
# Visual Studio Version 16
VisualStudioVersion = 16.0.31729.503
MinimumVisualStudioVersion = 10.0.40219.1
Project("{9A19103F-16F7-4668-BE54-9A1E7A4F7556}") = "CinemaApp.TemporaryUI", "CinemaApp.TemporaryUI\CinemaApp.TemporaryUI.csproj", "{EBAED4BD-DE1D-4D36-B55D-D8532C114BB1}"
EndProject
Project("{9A19103F-16F7-4668-BE54-9A1E7A4F7556}") = "CinemaApp.API", "CinemaApp.API\CinemaApp.API.csproj", "{CFC0D326-9730-4035-9F8C-85ACDDAC47B6}"
EndProject
Project("{9A19103F-16F7-4668-BE54-9A1E7A4F7556}") = "CinemaApp.Auth", "CinemaApp.Auth\CinemaApp.Auth.csproj", "{0799C667-D462-40E5-B38E-C8CDA586FFA2}"
EndProject
Project("{9A19103F-16F7-4668-BE54-9A1E7A4F7556}") = "CinemaApp.Domain", "CinemaApp.Domain\CinemaApp.Domain.csproj", "{47D05719-407B-4019-BFCB-1230CCF7FA76}"
EndProject
Project("{9A19103F-16F7-4668-BE54-9A1E7A4F7556}") = "CinemaApp.DAL", "CinemaApp.DAL\CinemaApp.DAL.csproj", "{5241264C-AC63-4F89-BB2A-6BB2BB617EB2}"
EndProject
Project("{9A19103F-16F7-4668-BE54-9A1E7A4F7556}") = "CinemaApp.Database", "CinemaApp.Database\CinemaApp.Database.csproj", "{751EA7F0-574B-4901-9799-0F6E6EA30C06}"
EndProject
Global
	GlobalSection(SolutionConfigurationPlatforms) = preSolution
		Debug|Any CPU = Debug|Any CPU
		Release|Any CPU = Release|Any CPU
	EndGlobalSection
	GlobalSection(ProjectConfigurationPlatforms) = postSolution
		{EBAED4BD-DE1D-4D36-B55D-D8532C114BB1}.Debug|Any CPU.ActiveCfg = Debug|Any CPU
		{EBAED4BD-DE1D-4D36-B55D-D8532C114BB1}.Debug|Any CPU.Build.0 = Debug|Any CPU
		{EBAED4BD-DE1D-4D36-B55D-D8532C114BB1}.Release|Any CPU.ActiveCfg = Release|Any CPU
		{EBAED4BD-DE1D-4D36-B55D-D8532C114BB1}.Release|Any CPU.Build.0 = Release|Any CPU
		{CFC0D326-9730-4035-9F8C-85ACDDAC47B6}.Debug|Any CPU.ActiveCfg = Debug|Any CPU
		{CFC0D326-9730-4035-9F8C-85ACDDAC47B6}.Debug|Any CPU.Build.0 = Debug|Any CPU
		{CFC0D326-9730-4035-9F8C-85ACDDAC47B6}.Release|Any CPU.ActiveCfg = Release|Any CPU
		{CFC0D326-9730-4035-9F8C-85ACDDAC47B6}.Release|Any CPU.Build.0 = Release|Any CPU
		{0799C667-D462-40E5-B38E-C8CDA586FFA2}.Debug|Any CPU.ActiveCfg = Debug|Any CPU
		{0799C667-D462-40E5-B38E-C8CDA586FFA2}.Debug|Any CPU.Build.0 = Debug|Any CPU
		{0799C667-D462-40E5-B38E-C8CDA586FFA2}.Release|Any CPU.ActiveCfg = Release|Any CPU
		{0799C667-D462-40E5-B38E-C8CDA586FFA2}.Release|Any CPU.Build.0 = Release|Any CPU
		{47D05719-407B-4019-BFCB-1230CCF7FA76}.Debug|Any CPU.ActiveCfg = Debug|Any CPU
		{47D05719-407B-4019-BFCB-1230CCF7FA76}.Debug|Any CPU.Build.0 = Debug|Any CPU
		{47D05719-407B-4019-BFCB-1230CCF7FA76}.Release|Any CPU.ActiveCfg = Release|Any CPU
		{47D05719-407B-4019-BFCB-1230CCF7FA76}.Release|Any CPU.Build.0 = Release|Any CPU
		{5241264C-AC63-4F89-BB2A-6BB2BB617EB2}.Debug|Any CPU.ActiveCfg = Debug|Any CPU
		{5241264C-AC63-4F89-BB2A-6BB2BB617EB2}.Debug|Any CPU.Build.0 = Debug|Any CPU
		{5241264C-AC63-4F89-BB2A-6BB2BB617EB2}.Release|Any CPU.ActiveCfg = Release|Any CPU
		{5241264C-AC63-4F89-BB2A-6BB2BB617EB2}.Release|Any CPU.Build.0 = Release|Any CPU
		{751EA7F0-574B-4901-9799-0F6E6EA30C06}.Debug|Any CPU.ActiveCfg = Debug|Any CPU
		{751EA7F0-574B-4901-9799-0F6E6EA30C06}.Debug|Any CPU.Build.0 = Debug|Any CPU
		{751EA7F0-574B-4901-9799-0F6E6EA30C06}.Release|Any CPU.ActiveCfg = Release|Any CPU
		{751EA7F0-574B-4901-9799-0F6E6EA30C06}.Release|Any CPU.Build.0 = Release|Any CPU
	EndGlobalSection
	GlobalSection(SolutionProperties) = preSolution
		HideSolutionNode = FALSE
	EndGlobalSection
	GlobalSection(ExtensibilityGlobals) = postSolution
		SolutionGuid = {F6CBBCF4-809B-47EE-9EFC-5E2D35914387}
	EndGlobalSection
EndGlobal
